
Microsoft Visual Studio Solution File, Format Version 12.00
# Visual Studio Version 16
VisualStudioVersion = 16.0.29926.136
MinimumVisualStudioVersion = 10.0.40219.1
Project("{9A19103F-16F7-4668-BE54-9A1E7A4F7556}") = "ASC.Web", "ASC.Web\ASC.Web.csproj", "{A435B909-C159-421E-BE98-05D0F25976B7}"
EndProject
Project("{9A19103F-16F7-4668-BE54-9A1E7A4F7556}") = "TestStorageExplorer", "TestStorageExplorer\TestStorageExplorer.csproj", "{E27053A9-53C3-462C-A06A-AE8045CFC29F}"
EndProject
Project("{9A19103F-16F7-4668-BE54-9A1E7A4F7556}") = "ASC.DataAccess", "ASC.DataAccess\ASC.DataAccess.csproj", "{A65778E1-1980-48C9-ABD6-6B30E7B72E6D}"
EndProject
Project("{9A19103F-16F7-4668-BE54-9A1E7A4F7556}") = "ASC.Models", "ASC.Models\ASC.Models.csproj", "{47685291-811B-4CB0-A769-5B1EA29C797F}"
EndProject
Project("{9A19103F-16F7-4668-BE54-9A1E7A4F7556}") = "ASC.Utilities", "ASC.Utilities\ASC.Utilities.csproj", "{B55768A3-1FE7-4BA7-8424-F3DEAE995811}"
EndProject
Project("{9A19103F-16F7-4668-BE54-9A1E7A4F7556}") = "ASC.Tests", "ASC.Tests\ASC.Tests.csproj", "{5082185B-3124-4132-9A00-EA7FEFB7F0FD}"
EndProject
Project("{FAE04EC0-301F-11D3-BF4B-00C04F79EFBC}") = "ASC.Business", "ASC.Business\ASC.Business.csproj", "{6C05487A-0183-4235-B56C-3521D5A2F348}"
EndProject
Global
	GlobalSection(SolutionConfigurationPlatforms) = preSolution
		Debug|Any CPU = Debug|Any CPU
		Release|Any CPU = Release|Any CPU
	EndGlobalSection
	GlobalSection(ProjectConfigurationPlatforms) = postSolution
		{A435B909-C159-421E-BE98-05D0F25976B7}.Debug|Any CPU.ActiveCfg = Debug|Any CPU
		{A435B909-C159-421E-BE98-05D0F25976B7}.Debug|Any CPU.Build.0 = Debug|Any CPU
		{A435B909-C159-421E-BE98-05D0F25976B7}.Release|Any CPU.ActiveCfg = Release|Any CPU
		{A435B909-C159-421E-BE98-05D0F25976B7}.Release|Any CPU.Build.0 = Release|Any CPU
		{E27053A9-53C3-462C-A06A-AE8045CFC29F}.Debug|Any CPU.ActiveCfg = Debug|Any CPU
		{E27053A9-53C3-462C-A06A-AE8045CFC29F}.Debug|Any CPU.Build.0 = Debug|Any CPU
		{E27053A9-53C3-462C-A06A-AE8045CFC29F}.Release|Any CPU.ActiveCfg = Release|Any CPU
		{E27053A9-53C3-462C-A06A-AE8045CFC29F}.Release|Any CPU.Build.0 = Release|Any CPU
		{A65778E1-1980-48C9-ABD6-6B30E7B72E6D}.Debug|Any CPU.ActiveCfg = Debug|Any CPU
		{A65778E1-1980-48C9-ABD6-6B30E7B72E6D}.Debug|Any CPU.Build.0 = Debug|Any CPU
		{A65778E1-1980-48C9-ABD6-6B30E7B72E6D}.Release|Any CPU.ActiveCfg = Release|Any CPU
		{A65778E1-1980-48C9-ABD6-6B30E7B72E6D}.Release|Any CPU.Build.0 = Release|Any CPU
		{47685291-811B-4CB0-A769-5B1EA29C797F}.Debug|Any CPU.ActiveCfg = Debug|Any CPU
		{47685291-811B-4CB0-A769-5B1EA29C797F}.Debug|Any CPU.Build.0 = Debug|Any CPU
		{47685291-811B-4CB0-A769-5B1EA29C797F}.Release|Any CPU.ActiveCfg = Release|Any CPU
		{47685291-811B-4CB0-A769-5B1EA29C797F}.Release|Any CPU.Build.0 = Release|Any CPU
		{B55768A3-1FE7-4BA7-8424-F3DEAE995811}.Debug|Any CPU.ActiveCfg = Debug|Any CPU
		{B55768A3-1FE7-4BA7-8424-F3DEAE995811}.Debug|Any CPU.Build.0 = Debug|Any CPU
		{B55768A3-1FE7-4BA7-8424-F3DEAE995811}.Release|Any CPU.ActiveCfg = Release|Any CPU
		{B55768A3-1FE7-4BA7-8424-F3DEAE995811}.Release|Any CPU.Build.0 = Release|Any CPU
		{5082185B-3124-4132-9A00-EA7FEFB7F0FD}.Debug|Any CPU.ActiveCfg = Debug|Any CPU
		{5082185B-3124-4132-9A00-EA7FEFB7F0FD}.Debug|Any CPU.Build.0 = Debug|Any CPU
		{5082185B-3124-4132-9A00-EA7FEFB7F0FD}.Release|Any CPU.ActiveCfg = Release|Any CPU
		{5082185B-3124-4132-9A00-EA7FEFB7F0FD}.Release|Any CPU.Build.0 = Release|Any CPU
		{6C05487A-0183-4235-B56C-3521D5A2F348}.Debug|Any CPU.ActiveCfg = Debug|Any CPU
		{6C05487A-0183-4235-B56C-3521D5A2F348}.Debug|Any CPU.Build.0 = Debug|Any CPU
		{6C05487A-0183-4235-B56C-3521D5A2F348}.Release|Any CPU.ActiveCfg = Release|Any CPU
		{6C05487A-0183-4235-B56C-3521D5A2F348}.Release|Any CPU.Build.0 = Release|Any CPU
	EndGlobalSection
	GlobalSection(SolutionProperties) = preSolution
		HideSolutionNode = FALSE
	EndGlobalSection
	GlobalSection(ExtensibilityGlobals) = postSolution
		SolutionGuid = {84C34849-51F1-4F37-B222-DE8FC99F0014}
	EndGlobalSection
EndGlobal
